
Microsoft Visual Studio Solution File, Format Version 12.00
# Visual Studio Version 16
VisualStudioVersion = 16.0.31205.134
MinimumVisualStudioVersion = 10.0.40219.1
Project("{FAE04EC0-301F-11D3-BF4B-00C04F79EFBC}") = "ProxyPattern", "ProxyPattern\ProxyPattern.csproj", "{62D978FB-B8FA-4967-A962-E6F33AA346D4}"
EndProject
Project("{FAE04EC0-301F-11D3-BF4B-00C04F79EFBC}") = "Test_ProxyPattern", "Test_ProxyPattern\Test_ProxyPattern.csproj", "{FB856451-C3A2-42FF-B981-DB471E90344F}"
EndProject
Global
	GlobalSection(SolutionConfigurationPlatforms) = preSolution
		Debug|Any CPU = Debug|Any CPU
		Release|Any CPU = Release|Any CPU
	EndGlobalSection
	GlobalSection(ProjectConfigurationPlatforms) = postSolution
		{62D978FB-B8FA-4967-A962-E6F33AA346D4}.Debug|Any CPU.ActiveCfg = Debug|Any CPU
		{62D978FB-B8FA-4967-A962-E6F33AA346D4}.Debug|Any CPU.Build.0 = Debug|Any CPU
		{62D978FB-B8FA-4967-A962-E6F33AA346D4}.Release|Any CPU.ActiveCfg = Release|Any CPU
		{62D978FB-B8FA-4967-A962-E6F33AA346D4}.Release|Any CPU.Build.0 = Release|Any CPU
		{FB856451-C3A2-42FF-B981-DB471E90344F}.Debug|Any CPU.ActiveCfg = Debug|Any CPU
		{FB856451-C3A2-42FF-B981-DB471E90344F}.Debug|Any CPU.Build.0 = Debug|Any CPU
		{FB856451-C3A2-42FF-B981-DB471E90344F}.Release|Any CPU.ActiveCfg = Release|Any CPU
		{FB856451-C3A2-42FF-B981-DB471E90344F}.Release|Any CPU.Build.0 = Release|Any CPU
	EndGlobalSection
	GlobalSection(SolutionProperties) = preSolution
		HideSolutionNode = FALSE
	EndGlobalSection
	GlobalSection(ExtensibilityGlobals) = postSolution
		SolutionGuid = {87152133-D637-44EF-96DE-7E72843934F3}
	EndGlobalSection
EndGlobal
